// !$*UTF8*$!
{
	archiveVersion = 1;
	classes = {
	};
	objectVersion = 50;
	objects = {

/* Begin PBXBuildFile section */
		93A4016421060FB700EE73CB /* NewsViewCell.swift in Sources */ = {isa = PBXBuildFile; fileRef = 93A4016321060FB700EE73CB /* NewsViewCell.swift */; };
		93A401662106482700EE73CB /* BaseViewController.swift in Sources */ = {isa = PBXBuildFile; fileRef = 93A401652106482700EE73CB /* BaseViewController.swift */; };
		93A401672106482700EE73CB /* BaseViewController.swift in Sources */ = {isa = PBXBuildFile; fileRef = 93A401652106482700EE73CB /* BaseViewController.swift */; };
		93A401682106482700EE73CB /* BaseViewController.swift in Sources */ = {isa = PBXBuildFile; fileRef = 93A401652106482700EE73CB /* BaseViewController.swift */; };
		93A4016A2106486600EE73CB /* MenuViewController.swift in Sources */ = {isa = PBXBuildFile; fileRef = 93A401692106486600EE73CB /* MenuViewController.swift */; };
		93A4016B2106486600EE73CB /* MenuViewController.swift in Sources */ = {isa = PBXBuildFile; fileRef = 93A401692106486600EE73CB /* MenuViewController.swift */; };
		93A4016C2106486600EE73CB /* MenuViewController.swift in Sources */ = {isa = PBXBuildFile; fileRef = 93A401692106486600EE73CB /* MenuViewController.swift */; };
		93A4016E21064A8300EE73CB /* PlayVC.swift in Sources */ = {isa = PBXBuildFile; fileRef = 93A4016D21064A8300EE73CB /* PlayVC.swift */; };
		93A4016F21064A8300EE73CB /* PlayVC.swift in Sources */ = {isa = PBXBuildFile; fileRef = 93A4016D21064A8300EE73CB /* PlayVC.swift */; };
		93A4017021064A8300EE73CB /* PlayVC.swift in Sources */ = {isa = PBXBuildFile; fileRef = 93A4016D21064A8300EE73CB /* PlayVC.swift */; };
		93E944882105ED79002020A8 /* AppDelegate.swift in Sources */ = {isa = PBXBuildFile; fileRef = 93E944872105ED79002020A8 /* AppDelegate.swift */; };
		93E9448A2105ED79002020A8 /* ViewController.swift in Sources */ = {isa = PBXBuildFile; fileRef = 93E944892105ED79002020A8 /* ViewController.swift */; };
		93E9448D2105ED79002020A8 /* Main.storyboard in Resources */ = {isa = PBXBuildFile; fileRef = 93E9448B2105ED79002020A8 /* Main.storyboard */; };
		93E9448F2105ED7A002020A8 /* Assets.xcassets in Resources */ = {isa = PBXBuildFile; fileRef = 93E9448E2105ED7A002020A8 /* Assets.xcassets */; };
		93E944922105ED7A002020A8 /* LaunchScreen.storyboard in Resources */ = {isa = PBXBuildFile; fileRef = 93E944902105ED7A002020A8 /* LaunchScreen.storyboard */; };
		93E9449D2105ED7A002020A8 /* TestAppTests.swift in Sources */ = {isa = PBXBuildFile; fileRef = 93E9449C2105ED7A002020A8 /* TestAppTests.swift */; };
		93E944A82105ED7A002020A8 /* TestAppUITests.swift in Sources */ = {isa = PBXBuildFile; fileRef = 93E944A72105ED7A002020A8 /* TestAppUITests.swift */; };
		93E944B62105EE7A002020A8 /* Post.swift in Sources */ = {isa = PBXBuildFile; fileRef = 93E944B52105EE7A002020A8 /* Post.swift */; };
/* End PBXBuildFile section */

/* Begin PBXContainerItemProxy section */
		93E944992105ED7A002020A8 /* PBXContainerItemProxy */ = {
			isa = PBXContainerItemProxy;
			containerPortal = 93E9447C2105ED79002020A8 /* Project object */;
			proxyType = 1;
			remoteGlobalIDString = 93E944832105ED79002020A8;
			remoteInfo = TestApp;
		};
		93E944A42105ED7A002020A8 /* PBXContainerItemProxy */ = {
			isa = PBXContainerItemProxy;
			containerPortal = 93E9447C2105ED79002020A8 /* Project object */;
			proxyType = 1;
			remoteGlobalIDString = 93E944832105ED79002020A8;
			remoteInfo = TestApp;
		};
/* End PBXContainerItemProxy section */

/* Begin PBXFileReference section */
		93A4016321060FB700EE73CB /* NewsViewCell.swift */ = {isa = PBXFileReference; lastKnownFileType = sourcecode.swift; path = NewsViewCell.swift; sourceTree = "<group>"; };
		93A401652106482700EE73CB /* BaseViewController.swift */ = {isa = PBXFileReference; fileEncoding = 4; lastKnownFileType = sourcecode.swift; path = BaseViewController.swift; sourceTree = "<group>"; };
		93A401692106486600EE73CB /* MenuViewController.swift */ = {isa = PBXFileReference; fileEncoding = 4; lastKnownFileType = sourcecode.swift; path = MenuViewController.swift; sourceTree = "<group>"; };
		93A4016D21064A8300EE73CB /* PlayVC.swift */ = {isa = PBXFileReference; fileEncoding = 4; lastKnownFileType = sourcecode.swift; path = PlayVC.swift; sourceTree = "<group>"; };
		93E944842105ED79002020A8 /* TestApp.app */ = {isa = PBXFileReference; explicitFileType = wrapper.application; includeInIndex = 0; path = TestApp.app; sourceTree = BUILT_PRODUCTS_DIR; };
		93E944872105ED79002020A8 /* AppDelegate.swift */ = {isa = PBXFileReference; lastKnownFileType = sourcecode.swift; path = AppDelegate.swift; sourceTree = "<group>"; };
		93E944892105ED79002020A8 /* ViewController.swift */ = {isa = PBXFileReference; lastKnownFileType = sourcecode.swift; path = ViewController.swift; sourceTree = "<group>"; };
		93E9448C2105ED79002020A8 /* Base */ = {isa = PBXFileReference; lastKnownFileType = file.storyboard; name = Base; path = Base.lproj/Main.storyboard; sourceTree = "<group>"; };
		93E9448E2105ED7A002020A8 /* Assets.xcassets */ = {isa = PBXFileReference; lastKnownFileType = folder.assetcatalog; path = Assets.xcassets; sourceTree = "<group>"; };
		93E944912105ED7A002020A8 /* Base */ = {isa = PBXFileReference; lastKnownFileType = file.storyboard; name = Base; path = Base.lproj/LaunchScreen.storyboard; sourceTree = "<group>"; };
		93E944932105ED7A002020A8 /* Info.plist */ = {isa = PBXFileReference; lastKnownFileType = text.plist.xml; path = Info.plist; sourceTree = "<group>"; };
		93E944982105ED7A002020A8 /* TestAppTests.xctest */ = {isa = PBXFileReference; explicitFileType = wrapper.cfbundle; includeInIndex = 0; path = TestAppTests.xctest; sourceTree = BUILT_PRODUCTS_DIR; };
		93E9449C2105ED7A002020A8 /* TestAppTests.swift */ = {isa = PBXFileReference; lastKnownFileType = sourcecode.swift; path = TestAppTests.swift; sourceTree = "<group>"; };
		93E9449E2105ED7A002020A8 /* Info.plist */ = {isa = PBXFileReference; lastKnownFileType = text.plist.xml; path = Info.plist; sourceTree = "<group>"; };
		93E944A32105ED7A002020A8 /* TestAppUITests.xctest */ = {isa = PBXFileReference; explicitFileType = wrapper.cfbundle; includeInIndex = 0; path = TestAppUITests.xctest; sourceTree = BUILT_PRODUCTS_DIR; };
		93E944A72105ED7A002020A8 /* TestAppUITests.swift */ = {isa = PBXFileReference; lastKnownFileType = sourcecode.swift; path = TestAppUITests.swift; sourceTree = "<group>"; };
		93E944A92105ED7A002020A8 /* Info.plist */ = {isa = PBXFileReference; lastKnownFileType = text.plist.xml; path = Info.plist; sourceTree = "<group>"; };
		93E944B52105EE7A002020A8 /* Post.swift */ = {isa = PBXFileReference; lastKnownFileType = sourcecode.swift; path = Post.swift; sourceTree = "<group>"; };
/* End PBXFileReference section */

/* Begin PBXFrameworksBuildPhase section */
		93E944812105ED79002020A8 /* Frameworks */ = {
			isa = PBXFrameworksBuildPhase;
			buildActionMask = 2147483647;
			files = (
			);
			runOnlyForDeploymentPostprocessing = 0;
		};
		93E944952105ED7A002020A8 /* Frameworks */ = {
			isa = PBXFrameworksBuildPhase;
			buildActionMask = 2147483647;
			files = (
			);
			runOnlyForDeploymentPostprocessing = 0;
		};
		93E944A02105ED7A002020A8 /* Frameworks */ = {
			isa = PBXFrameworksBuildPhase;
			buildActionMask = 2147483647;
			files = (
			);
			runOnlyForDeploymentPostprocessing = 0;
		};
/* End PBXFrameworksBuildPhase section */

/* Begin PBXGroup section */
		93E9447B2105ED79002020A8 = {
			isa = PBXGroup;
			children = (
				93E944862105ED79002020A8 /* TestApp */,
				93E9449B2105ED7A002020A8 /* TestAppTests */,
				93E944A62105ED7A002020A8 /* TestAppUITests */,
				93E944852105ED79002020A8 /* Products */,
			);
			sourceTree = "<group>";
		};
		93E944852105ED79002020A8 /* Products */ = {
			isa = PBXGroup;
			children = (
				93E944842105ED79002020A8 /* TestApp.app */,
				93E944982105ED7A002020A8 /* TestAppTests.xctest */,
				93E944A32105ED7A002020A8 /* TestAppUITests.xctest */,
			);
			name = Products;
			sourceTree = "<group>";
		};
		93E944862105ED79002020A8 /* TestApp */ = {
			isa = PBXGroup;
			children = (
				93A401652106482700EE73CB /* BaseViewController.swift */,
				93A401692106486600EE73CB /* MenuViewController.swift */,
				93E944872105ED79002020A8 /* AppDelegate.swift */,
				93E944892105ED79002020A8 /* ViewController.swift */,
				93A4016D21064A8300EE73CB /* PlayVC.swift */,
				93E9448B2105ED79002020A8 /* Main.storyboard */,
				93E9448E2105ED7A002020A8 /* Assets.xcassets */,
				93E944902105ED7A002020A8 /* LaunchScreen.storyboard */,
				93E944932105ED7A002020A8 /* Info.plist */,
				93E944B52105EE7A002020A8 /* Post.swift */,
				93A4016321060FB700EE73CB /* NewsViewCell.swift */,
			);
			path = TestApp;
			sourceTree = "<group>";
		};
		93E9449B2105ED7A002020A8 /* TestAppTests */ = {
			isa = PBXGroup;
			children = (
				93E9449C2105ED7A002020A8 /* TestAppTests.swift */,
				93E9449E2105ED7A002020A8 /* Info.plist */,
			);
			path = TestAppTests;
			sourceTree = "<group>";
		};
		93E944A62105ED7A002020A8 /* TestAppUITests */ = {
			isa = PBXGroup;
			children = (
				93E944A72105ED7A002020A8 /* TestAppUITests.swift */,
				93E944A92105ED7A002020A8 /* Info.plist */,
			);
			path = TestAppUITests;
			sourceTree = "<group>";
		};
/* End PBXGroup section */

/* Begin PBXNativeTarget section */
		93E944832105ED79002020A8 /* TestApp */ = {
			isa = PBXNativeTarget;
			buildConfigurationList = 93E944AC2105ED7A002020A8 /* Build configuration list for PBXNativeTarget "TestApp" */;
			buildPhases = (
				93E944802105ED79002020A8 /* Sources */,
				93E944812105ED79002020A8 /* Frameworks */,
				93E944822105ED79002020A8 /* Resources */,
			);
			buildRules = (
			);
			dependencies = (
			);
			name = TestApp;
			productName = TestApp;
			productReference = 93E944842105ED79002020A8 /* TestApp.app */;
			productType = "com.apple.product-type.application";
		};
		93E944972105ED7A002020A8 /* TestAppTests */ = {
			isa = PBXNativeTarget;
			buildConfigurationList = 93E944AF2105ED7A002020A8 /* Build configuration list for PBXNativeTarget "TestAppTests" */;
			buildPhases = (
				93E944942105ED7A002020A8 /* Sources */,
				93E944952105ED7A002020A8 /* Frameworks */,
				93E944962105ED7A002020A8 /* Resources */,
			);
			buildRules = (
			);
			dependencies = (
				93E9449A2105ED7A002020A8 /* PBXTargetDependency */,
			);
			name = TestAppTests;
			productName = TestAppTests;
			productReference = 93E944982105ED7A002020A8 /* TestAppTests.xctest */;
			productType = "com.apple.product-type.bundle.unit-test";
		};
		93E944A22105ED7A002020A8 /* TestAppUITests */ = {
			isa = PBXNativeTarget;
			buildConfigurationList = 93E944B22105ED7A002020A8 /* Build configuration list for PBXNativeTarget "TestAppUITests" */;
			buildPhases = (
				93E9449F2105ED7A002020A8 /* Sources */,
				93E944A02105ED7A002020A8 /* Frameworks */,
				93E944A12105ED7A002020A8 /* Resources */,
			);
			buildRules = (
			);
			dependencies = (
				93E944A52105ED7A002020A8 /* PBXTargetDependency */,
			);
			name = TestAppUITests;
			productName = TestAppUITests;
			productReference = 93E944A32105ED7A002020A8 /* TestAppUITests.xctest */;
			productType = "com.apple.product-type.bundle.ui-testing";
		};
/* End PBXNativeTarget section */

/* Begin PBXProject section */
		93E9447C2105ED79002020A8 /* Project object */ = {
			isa = PBXProject;
			attributes = {
				LastSwiftUpdateCheck = 0930;
				LastUpgradeCheck = 0930;
				ORGANIZATIONNAME = "Santanu Koley";
				TargetAttributes = {
					93E944832105ED79002020A8 = {
						CreatedOnToolsVersion = 9.3.1;
					};
					93E944972105ED7A002020A8 = {
						CreatedOnToolsVersion = 9.3.1;
						TestTargetID = 93E944832105ED79002020A8;
					};
					93E944A22105ED7A002020A8 = {
						CreatedOnToolsVersion = 9.3.1;
						TestTargetID = 93E944832105ED79002020A8;
					};
				};
			};
			buildConfigurationList = 93E9447F2105ED79002020A8 /* Build configuration list for PBXProject "TestApp" */;
			compatibilityVersion = "Xcode 9.3";
			developmentRegion = en;
			hasScannedForEncodings = 0;
			knownRegions = (
				en,
				Base,
			);
			mainGroup = 93E9447B2105ED79002020A8;
			productRefGroup = 93E944852105ED79002020A8 /* Products */;
			projectDirPath = "";
			projectRoot = "";
			targets = (
				93E944832105ED79002020A8 /* TestApp */,
				93E944972105ED7A002020A8 /* TestAppTests */,
				93E944A22105ED7A002020A8 /* TestAppUITests */,
			);
		};
/* End PBXProject section */

/* Begin PBXResourcesBuildPhase section */
		93E944822105ED79002020A8 /* Resources */ = {
			isa = PBXResourcesBuildPhase;
			buildActionMask = 2147483647;
			files = (
				93E944922105ED7A002020A8 /* LaunchScreen.storyboard in Resources */,
				93E9448F2105ED7A002020A8 /* Assets.xcassets in Resources */,
				93E9448D2105ED79002020A8 /* Main.storyboard in Resources */,
			);
			runOnlyForDeploymentPostprocessing = 0;
		};
		93E944962105ED7A002020A8 /* Resources */ = {
			isa = PBXResourcesBuildPhase;
			buildActionMask = 2147483647;
			files = (
			);
			runOnlyForDeploymentPostprocessing = 0;
		};
		93E944A12105ED7A002020A8 /* Resources */ = {
			isa = PBXResourcesBuildPhase;
			buildActionMask = 2147483647;
			files = (
			);
			runOnlyForDeploymentPostprocessing = 0;
		};
/* End PBXResourcesBuildPhase section */

/* Begin PBXSourcesBuildPhase section */
		93E944802105ED79002020A8 /* Sources */ = {
			isa = PBXSourcesBuildPhase;
			buildActionMask = 2147483647;
			files = (
				93A401662106482700EE73CB /* BaseViewController.swift in Sources */,
				93A4016A2106486600EE73CB /* MenuViewController.swift in Sources */,
				93E944B62105EE7A002020A8 /* Post.swift in Sources */,
				93A4016421060FB700EE73CB /* NewsViewCell.swift in Sources */,
				93A4016E21064A8300EE73CB /* PlayVC.swift in Sources */,
				93E9448A2105ED79002020A8 /* ViewController.swift in Sources */,
				93E944882105ED79002020A8 /* AppDelegate.swift in Sources */,
			);
			runOnlyForDeploymentPostprocessing = 0;
		};
		93E944942105ED7A002020A8 /* Sources */ = {
			isa = PBXSourcesBuildPhase;
			buildActionMask = 2147483647;
			files = (
				93E9449D2105ED7A002020A8 /* TestAppTests.swift in Sources */,
				93A4016B2106486600EE73CB /* MenuViewController.swift in Sources */,
				93A4016F21064A8300EE73CB /* PlayVC.swift in Sources */,
				93A401672106482700EE73CB /* BaseViewController.swift in Sources */,
			);
			runOnlyForDeploymentPostprocessing = 0;
		};
		93E9449F2105ED7A002020A8 /* Sources */ = {
			isa = PBXSourcesBuildPhase;
			buildActionMask = 2147483647;
			files = (
				93E944A82105ED7A002020A8 /* TestAppUITests.swift in Sources */,
				93A4016C2106486600EE73CB /* MenuViewController.swift in Sources */,
				93A4017021064A8300EE73CB /* PlayVC.swift in Sources */,
				93A401682106482700EE73CB /* BaseViewController.swift in Sources */,
			);
			runOnlyForDeploymentPostprocessing = 0;
		};
/* End PBXSourcesBuildPhase section */

/* Begin PBXTargetDependency section */
		93E9449A2105ED7A002020A8 /* PBXTargetDependency */ = {
			isa = PBXTargetDependency;
			target = 93E944832105ED79002020A8 /* TestApp */;
			targetProxy = 93E944992105ED7A002020A8 /* PBXContainerItemProxy */;
		};
		93E944A52105ED7A002020A8 /* PBXTargetDependency */ = {
			isa = PBXTargetDependency;
			target = 93E944832105ED79002020A8 /* TestApp */;
			targetProxy = 93E944A42105ED7A002020A8 /* PBXContainerItemProxy */;
		};
/* End PBXTargetDependency section */

/* Begin PBXVariantGroup section */
		93E9448B2105ED79002020A8 /* Main.storyboard */ = {
			isa = PBXVariantGroup;
			children = (
				93E9448C2105ED79002020A8 /* Base */,
			);
			name = Main.storyboard;
			sourceTree = "<group>";
		};
		93E944902105ED7A002020A8 /* LaunchScreen.storyboard */ = {
			isa = PBXVariantGroup;
			children = (
				93E944912105ED7A002020A8 /* Base */,
			);
			name = LaunchScreen.storyboard;
			sourceTree = "<group>";
		};
/* End PBXVariantGroup section */

/* Begin XCBuildConfiguration section */
		93E944AA2105ED7A002020A8 /* Debug */ = {
			isa = XCBuildConfiguration;
			buildSettings = {
				ALWAYS_SEARCH_USER_PATHS = NO;
				CLANG_ANALYZER_NONNULL = YES;
				CLANG_ANALYZER_NUMBER_OBJECT_CONVERSION = YES_AGGRESSIVE;
				CLANG_CXX_LANGUAGE_STANDARD = "gnu++14";
				CLANG_CXX_LIBRARY = "libc++";
				CLANG_ENABLE_MODULES = YES;
				CLANG_ENABLE_OBJC_ARC = YES;
				CLANG_ENABLE_OBJC_WEAK = YES;
				CLANG_WARN_BLOCK_CAPTURE_AUTORELEASING = YES;
				CLANG_WARN_BOOL_CONVERSION = YES;
				CLANG_WARN_COMMA = YES;
				CLANG_WARN_CONSTANT_CONVERSION = YES;
				CLANG_WARN_DEPRECATED_OBJC_IMPLEMENTATIONS = YES;
				CLANG_WARN_DIRECT_OBJC_ISA_USAGE = YES_ERROR;
				CLANG_WARN_DOCUMENTATION_COMMENTS = YES;
				CLANG_WARN_EMPTY_BODY = YES;
				CLANG_WARN_ENUM_CONVERSION = YES;
				CLANG_WARN_INFINITE_RECURSION = YES;
				CLANG_WARN_INT_CONVERSION = YES;
				CLANG_WARN_NON_LITERAL_NULL_CONVERSION = YES;
				CLANG_WARN_OBJC_IMPLICIT_RETAIN_SELF = YES;
				CLANG_WARN_OBJC_LITERAL_CONVERSION = YES;
				CLANG_WARN_OBJC_ROOT_CLASS = YES_ERROR;
				CLANG_WARN_RANGE_LOOP_ANALYSIS = YES;
				CLANG_WARN_STRICT_PROTOTYPES = YES;
				CLANG_WARN_SUSPICIOUS_MOVE = YES;
				CLANG_WARN_UNGUARDED_AVAILABILITY = YES_AGGRESSIVE;
				CLANG_WARN_UNREACHABLE_CODE = YES;
				CLANG_WARN__DUPLICATE_METHOD_MATCH = YES;
				CODE_SIGN_IDENTITY = "iPhone Developer";
				COPY_PHASE_STRIP = NO;
				DEBUG_INFORMATION_FORMAT = dwarf;
				ENABLE_STRICT_OBJC_MSGSEND = YES;
				ENABLE_TESTABILITY = YES;
				GCC_C_LANGUAGE_STANDARD = gnu11;
				GCC_DYNAMIC_NO_PIC = NO;
				GCC_NO_COMMON_BLOCKS = YES;
				GCC_OPTIMIZATION_LEVEL = 0;
				GCC_PREPROCESSOR_DEFINITIONS = (
					"DEBUG=1",
					"$(inherited)",
				);
				GCC_WARN_64_TO_32_BIT_CONVERSION = YES;
				GCC_WARN_ABOUT_RETURN_TYPE = YES_ERROR;
				GCC_WARN_UNDECLARED_SELECTOR = YES;
				GCC_WARN_UNINITIALIZED_AUTOS = YES_AGGRESSIVE;
				GCC_WARN_UNUSED_FUNCTION = YES;
				GCC_WARN_UNUSED_VARIABLE = YES;
				IPHONEOS_DEPLOYMENT_TARGET = 11.3;
				MTL_ENABLE_DEBUG_INFO = YES;
				ONLY_ACTIVE_ARCH = YES;
				SDKROOT = iphoneos;
				SWIFT_ACTIVE_COMPILATION_CONDITIONS = DEBUG;
				SWIFT_OPTIMIZATION_LEVEL = "-Onone";
			};
			name = Debug;
		};
		93E944AB2105ED7A002020A8 /* Release */ = {
			isa = XCBuildConfiguration;
			buildSettings = {
				ALWAYS_SEARCH_USER_PATHS = NO;
				CLANG_ANALYZER_NONNULL = YES;
				CLANG_ANALYZER_NUMBER_OBJECT_CONVERSION = YES_AGGRESSIVE;
				CLANG_CXX_LANGUAGE_STANDARD = "gnu++14";
				CLANG_CXX_LIBRARY = "libc++";
				CLANG_ENABLE_MODULES = YES;
				CLANG_ENABLE_OBJC_ARC = YES;
				CLANG_ENABLE_OBJC_WEAK = YES;
				CLANG_WARN_BLOCK_CAPTURE_AUTORELEASING = YES;
				CLANG_WARN_BOOL_CONVERSION = YES;
				CLANG_WARN_COMMA = YES;
				CLANG_WARN_CONSTANT_CONVERSION = YES;
				CLANG_WARN_DEPRECATED_OBJC_IMPLEMENTATIONS = YES;
				CLANG_WARN_DIRECT_OBJC_ISA_USAGE = YES_ERROR;
				CLANG_WARN_DOCUMENTATION_COMMENTS = YES;
				CLANG_WARN_EMPTY_BODY = YES;
				CLANG_WARN_ENUM_CONVERSION = YES;
				CLANG_WARN_INFINITE_RECURSION = YES;
				CLANG_WARN_INT_CONVERSION = YES;
				CLANG_WARN_NON_LITERAL_NULL_CONVERSION = YES;
				CLANG_WARN_OBJC_IMPLICIT_RETAIN_SELF = YES;
				CLANG_WARN_OBJC_LITERAL_CONVERSION = YES;
				CLANG_WARN_OBJC_ROOT_CLASS = YES_ERROR;
				CLANG_WARN_RANGE_LOOP_ANALYSIS = YES;
				CLANG_WARN_STRICT_PROTOTYPES = YES;
				CLANG_WARN_SUSPICIOUS_MOVE = YES;
				CLANG_WARN_UNGUARDED_AVAILABILITY = YES_AGGRESSIVE;
				CLANG_WARN_UNREACHABLE_CODE = YES;
				CLANG_WARN__DUPLICATE_METHOD_MATCH = YES;
				CODE_SIGN_IDENTITY = "iPhone Developer";
				COPY_PHASE_STRIP = NO;
				DEBUG_INFORMATION_FORMAT = "dwarf-with-dsym";
				ENABLE_NS_ASSERTIONS = NO;
				ENABLE_STRICT_OBJC_MSGSEND = YES;
				GCC_C_LANGUAGE_STANDARD = gnu11;
				GCC_NO_COMMON_BLOCKS = YES;
				GCC_WARN_64_TO_32_BIT_CONVERSION = YES;
				GCC_WARN_ABOUT_RETURN_TYPE = YES_ERROR;
				GCC_WARN_UNDECLARED_SELECTOR = YES;
				GCC_WARN_UNINITIALIZED_AUTOS = YES_AGGRESSIVE;
				GCC_WARN_UNUSED_FUNCTION = YES;
				GCC_WARN_UNUSED_VARIABLE = YES;
				IPHONEOS_DEPLOYMENT_TARGET = 11.3;
				MTL_ENABLE_DEBUG_INFO = NO;
				SDKROOT = iphoneos;
				SWIFT_COMPILATION_MODE = wholemodule;
				SWIFT_OPTIMIZATION_LEVEL = "-O";
				VALIDATE_PRODUCT = YES;
			};
			name = Release;
		};
		93E944AD2105ED7A002020A8 /* Debug */ = {
			isa = XCBuildConfiguration;
			buildSettings = {
				ASSETCATALOG_COMPILER_APPICON_NAME = AppIcon;
				CODE_SIGN_STYLE = Automatic;
				INFOPLIST_FILE = TestApp/Info.plist;
				LD_RUNPATH_SEARCH_PATHS = (
					"$(inherited)",
					"@executable_path/Frameworks",
				);
				PRODUCT_BUNDLE_IDENTIFIER = com.test.com.TestApp;
				PRODUCT_NAME = "$(TARGET_NAME)";
				SWIFT_VERSION = 4.0;
				TARGETED_DEVICE_FAMILY = "1,2";
			};
			name = Debug;
		};
		93E944AE2105ED7A002020A8 /* Release */ = {
			isa = XCBuildConfiguration;
			buildSettings = {
				ASSETCATALOG_COMPILER_APPICON_NAME = AppIcon;
				CODE_SIGN_STYLE = Automatic;
				INFOPLIST_FILE = TestApp/Info.plist;
				LD_RUNPATH_SEARCH_PATHS = (
					"$(inherited)",
					"@executable_path/Frameworks",
				);
				PRODUCT_BUNDLE_IDENTIFIER = com.test.com.TestApp;
				PRODUCT_NAME = "$(TARGET_NAME)";
				SWIFT_VERSION = 4.0;
				TARGETED_DEVICE_FAMILY = "1,2";
			};
			name = Release;
		};
		93E944B02105ED7A002020A8 /* Debug */ = {
			isa = XCBuildConfiguration;
			buildSettings = {
				ALWAYS_EMBED_SWIFT_STANDARD_LIBRARIES = YES;
				BUNDLE_LOADER = "$(TEST_HOST)";
				CODE_SIGN_STYLE = Automatic;
				INFOPLIST_FILE = TestAppTests/Info.plist;
				LD_RUNPATH_SEARCH_PATHS = (
					"$(inherited)",
					"@executable_path/Frameworks",
					"@loader_path/Frameworks",
				);
				PRODUCT_BUNDLE_IDENTIFIER = com.test.com.TestAppTests;
				PRODUCT_NAME = "$(TARGET_NAME)";
				SWIFT_VERSION = 4.0;
				TARGETED_DEVICE_FAMILY = "1,2";
				TEST_HOST = "$(BUILT_PRODUCTS_DIR)/TestApp.app/TestApp";
			};
			name = Debug;
		};
		93E944B12105ED7A002020A8 /* Release */ = {
			isa = XCBuildConfiguration;
			buildSettings = {
				ALWAYS_EMBED_SWIFT_STANDARD_LIBRARIES = YES;
				BUNDLE_LOADER = "$(TEST_HOST)";
				CODE_SIGN_STYLE = Automatic;
				INFOPLIST_FILE = TestAppTests/Info.plist;
				LD_RUNPATH_SEARCH_PATHS = (
					"$(inherited)",
					"@executable_path/Frameworks",
					"@loader_path/Frameworks",
				);
				PRODUCT_BUNDLE_IDENTIFIER = com.test.com.TestAppTests;
				PRODUCT_NAME = "$(TARGET_NAME)";
				SWIFT_VERSION = 4.0;
				TARGETED_DEVICE_FAMILY = "1,2";
				TEST_HOST = "$(BUILT_PRODUCTS_DIR)/TestApp.app/TestApp";
			};
			name = Release;
		};
		93E944B32105ED7A002020A8 /* Debug */ = {
			isa = XCBuildConfiguration;
			buildSettings = {
				ALWAYS_EMBED_SWIFT_STANDARD_LIBRARIES = YES;
				CODE_SIGN_STYLE = Automatic;
				INFOPLIST_FILE = TestAppUITests/Info.plist;
				LD_RUNPATH_SEARCH_PATHS = (
					"$(inherited)",
					"@executable_path/Frameworks",
					"@loader_path/Frameworks",
				);
				PRODUCT_BUNDLE_IDENTIFIER = com.test.com.TestAppUITests;
				PRODUCT_NAME = "$(TARGET_NAME)";
				SWIFT_VERSION = 4.0;
				TARGETED_DEVICE_FAMILY = "1,2";
				TEST_TARGET_NAME = TestApp;
			};
			name = Debug;
		};
		93E944B42105ED7A002020A8 /* Release */ = {
			isa = XCBuildConfiguration;
			buildSettings = {
				ALWAYS_EMBED_SWIFT_STANDARD_LIBRARIES = YES;
				CODE_SIGN_STYLE = Automatic;
				INFOPLIST_FILE = TestAppUITests/Info.plist;
				LD_RUNPATH_SEARCH_PATHS = (
					"$(inherited)",
					"@executable_path/Frameworks",
					"@loader_path/Frameworks",
				);
				PRODUCT_BUNDLE_IDENTIFIER = com.test.com.TestAppUITests;
				PRODUCT_NAME = "$(TARGET_NAME)";
				SWIFT_VERSION = 4.0;
				TARGETED_DEVICE_FAMILY = "1,2";
				TEST_TARGET_NAME = TestApp;
			};
			name = Release;
		};
/* End XCBuildConfiguration section */

/* Begin XCConfigurationList section */
		93E9447F2105ED79002020A8 /* Build configuration list for PBXProject "TestApp" */ = {
			isa = XCConfigurationList;
			buildConfigurations = (
				93E944AA2105ED7A002020A8 /* Debug */,
				93E944AB2105ED7A002020A8 /* Release */,
			);
			defaultConfigurationIsVisible = 0;
			defaultConfigurationName = Release;
		};
		93E944AC2105ED7A002020A8 /* Build configuration list for PBXNativeTarget "TestApp" */ = {
			isa = XCConfigurationList;
			buildConfigurations = (
				93E944AD2105ED7A002020A8 /* Debug */,
				93E944AE2105ED7A002020A8 /* Release */,
			);
			defaultConfigurationIsVisible = 0;
			defaultConfigurationName = Release;
		};
		93E944AF2105ED7A002020A8 /* Build configuration list for PBXNativeTarget "TestAppTests" */ = {
			isa = XCConfigurationList;
			buildConfigurations = (
				93E944B02105ED7A002020A8 /* Debug */,
				93E944B12105ED7A002020A8 /* Release */,
			);
			defaultConfigurationIsVisible = 0;
			defaultConfigurationName = Release;
		};
		93E944B22105ED7A002020A8 /* Build configuration list for PBXNativeTarget "TestAppUITests" */ = {
			isa = XCConfigurationList;
			buildConfigurations = (
				93E944B32105ED7A002020A8 /* Debug */,
				93E944B42105ED7A002020A8 /* Release */,
			);
			defaultConfigurationIsVisible = 0;
			defaultConfigurationName = Release;
		};
/* End XCConfigurationList section */
	};
	rootObject = 93E9447C2105ED79002020A8 /* Project object */;
}
